
Microsoft Visual Studio Solution File, Format Version 12.00
# Visual Studio Version 17
VisualStudioVersion = 17.3.32901.215
MinimumVisualStudioVersion = 10.0.40219.1
Project("{FAE04EC0-301F-11D3-BF4B-00C04F79EFBC}") = "HTMLInformer", "HTMLInformer.csproj", "{856C6016-3181-4699-9A4A-938C2DCB91CD}"
EndProject
Global
	GlobalSection(SolutionConfigurationPlatforms) = preSolution
		Debug|Any CPU = Debug|Any CPU
		Release|Any CPU = Release|Any CPU
	EndGlobalSection
	GlobalSection(ProjectConfigurationPlatforms) = postSolution
		{856C6016-3181-4699-9A4A-938C2DCB91CD}.Debug|Any CPU.ActiveCfg = Debug|Any CPU
		{856C6016-3181-4699-9A4A-938C2DCB91CD}.Debug|Any CPU.Build.0 = Debug|Any CPU
		{856C6016-3181-4699-9A4A-938C2DCB91CD}.Release|Any CPU.ActiveCfg = Release|Any CPU
		{856C6016-3181-4699-9A4A-938C2DCB91CD}.Release|Any CPU.Build.0 = Release|Any CPU
	EndGlobalSection
	GlobalSection(SolutionProperties) = preSolution
		HideSolutionNode = FALSE
	EndGlobalSection
	GlobalSection(ExtensibilityGlobals) = postSolution
		SolutionGuid = {4404BC53-02F5-4F16-ABBF-10643085D950}
	EndGlobalSection
EndGlobal
